
Microsoft Visual Studio Solution File, Format Version 12.00
# Visual Studio 15
VisualStudioVersion = 15.0.26430.16
MinimumVisualStudioVersion = 10.0.40219.1
Project("{FAE04EC0-301F-11D3-BF4B-00C04F79EFBC}") = "Core", "Core\Core.csproj", "{EDB0048C-B721-4868-A81B-E3B27217E2A0}"
EndProject
Project("{FAE04EC0-301F-11D3-BF4B-00C04F79EFBC}") = "Server", "Server\Server.csproj", "{7AF06877-BD13-4175-B5FD-639071914E01}"
EndProject
Project("{FAE04EC0-301F-11D3-BF4B-00C04F79EFBC}") = "Client", "Client\Client.csproj", "{C5AD3517-7F9A-4685-A37E-AAF90A534FF9}"
EndProject
Project("{FAE04EC0-301F-11D3-BF4B-00C04F79EFBC}") = "SimpleTCP", "SimpleTCP\SimpleTCP.csproj", "{C9C99F87-E188-49D2-A323-09FE79F39F8D}"
EndProject
Project("{FAE04EC0-301F-11D3-BF4B-00C04F79EFBC}") = "OfflinePlayer", "OfflinePlayer\OfflinePlayer.csproj", "{4172AF31-EEBA-4E55-A6C9-61FAB6E1E5BB}"
EndProject
Project("{FAE04EC0-301F-11D3-BF4B-00C04F79EFBC}") = "WebApp", "WebApp\WebApp.csproj", "{30E43F26-1EB4-4F3C-AB31-DFFEF8EC10E5}"
EndProject
Project("{FAE04EC0-301F-11D3-BF4B-00C04F79EFBC}") = "Referee", "Referee\Referee.csproj", "{D43853EC-D776-47BE-8D86-8392FEFFF691}"
EndProject
Project("{FAE04EC0-301F-11D3-BF4B-00C04F79EFBC}") = "Debuger", "Debuger\Debuger.csproj", "{418C5379-FE8C-49B8-AE04-9376AE022A5F}"
EndProject
Project("{FAE04EC0-301F-11D3-BF4B-00C04F79EFBC}") = "Distributor", "Distributor\Distributor.csproj", "{25B4FF1F-210C-4447-956C-5666276F533B}"
EndProject
Project("{FAE04EC0-301F-11D3-BF4B-00C04F79EFBC}") = "Reporter", "Reporter\Reporter.csproj", "{2DEF7EC4-48A6-45D5-B4E3-6AA31A1E289D}"
EndProject
Global
	GlobalSection(SolutionConfigurationPlatforms) = preSolution
		Debug|Any CPU = Debug|Any CPU
		Release|Any CPU = Release|Any CPU
	EndGlobalSection
	GlobalSection(ProjectConfigurationPlatforms) = postSolution
		{EDB0048C-B721-4868-A81B-E3B27217E2A0}.Debug|Any CPU.ActiveCfg = Debug|Any CPU
		{EDB0048C-B721-4868-A81B-E3B27217E2A0}.Debug|Any CPU.Build.0 = Debug|Any CPU
		{EDB0048C-B721-4868-A81B-E3B27217E2A0}.Release|Any CPU.ActiveCfg = Release|Any CPU
		{EDB0048C-B721-4868-A81B-E3B27217E2A0}.Release|Any CPU.Build.0 = Release|Any CPU
		{7AF06877-BD13-4175-B5FD-639071914E01}.Debug|Any CPU.ActiveCfg = Debug|Any CPU
		{7AF06877-BD13-4175-B5FD-639071914E01}.Debug|Any CPU.Build.0 = Debug|Any CPU
		{7AF06877-BD13-4175-B5FD-639071914E01}.Release|Any CPU.ActiveCfg = Release|Any CPU
		{7AF06877-BD13-4175-B5FD-639071914E01}.Release|Any CPU.Build.0 = Release|Any CPU
		{C5AD3517-7F9A-4685-A37E-AAF90A534FF9}.Debug|Any CPU.ActiveCfg = Debug|Any CPU
		{C5AD3517-7F9A-4685-A37E-AAF90A534FF9}.Debug|Any CPU.Build.0 = Debug|Any CPU
		{C5AD3517-7F9A-4685-A37E-AAF90A534FF9}.Release|Any CPU.ActiveCfg = Release|Any CPU
		{C5AD3517-7F9A-4685-A37E-AAF90A534FF9}.Release|Any CPU.Build.0 = Release|Any CPU
		{C9C99F87-E188-49D2-A323-09FE79F39F8D}.Debug|Any CPU.ActiveCfg = Debug|Any CPU
		{C9C99F87-E188-49D2-A323-09FE79F39F8D}.Debug|Any CPU.Build.0 = Debug|Any CPU
		{C9C99F87-E188-49D2-A323-09FE79F39F8D}.Release|Any CPU.ActiveCfg = Release|Any CPU
		{C9C99F87-E188-49D2-A323-09FE79F39F8D}.Release|Any CPU.Build.0 = Release|Any CPU
		{4172AF31-EEBA-4E55-A6C9-61FAB6E1E5BB}.Debug|Any CPU.ActiveCfg = Debug|Any CPU
		{4172AF31-EEBA-4E55-A6C9-61FAB6E1E5BB}.Debug|Any CPU.Build.0 = Debug|Any CPU
		{4172AF31-EEBA-4E55-A6C9-61FAB6E1E5BB}.Release|Any CPU.ActiveCfg = Release|Any CPU
		{4172AF31-EEBA-4E55-A6C9-61FAB6E1E5BB}.Release|Any CPU.Build.0 = Release|Any CPU
		{30E43F26-1EB4-4F3C-AB31-DFFEF8EC10E5}.Debug|Any CPU.ActiveCfg = Debug|Any CPU
		{30E43F26-1EB4-4F3C-AB31-DFFEF8EC10E5}.Debug|Any CPU.Build.0 = Debug|Any CPU
		{30E43F26-1EB4-4F3C-AB31-DFFEF8EC10E5}.Release|Any CPU.ActiveCfg = Release|Any CPU
		{30E43F26-1EB4-4F3C-AB31-DFFEF8EC10E5}.Release|Any CPU.Build.0 = Release|Any CPU
		{D43853EC-D776-47BE-8D86-8392FEFFF691}.Debug|Any CPU.ActiveCfg = Debug|Any CPU
		{D43853EC-D776-47BE-8D86-8392FEFFF691}.Debug|Any CPU.Build.0 = Debug|Any CPU
		{D43853EC-D776-47BE-8D86-8392FEFFF691}.Release|Any CPU.ActiveCfg = Release|Any CPU
		{D43853EC-D776-47BE-8D86-8392FEFFF691}.Release|Any CPU.Build.0 = Release|Any CPU
		{418C5379-FE8C-49B8-AE04-9376AE022A5F}.Debug|Any CPU.ActiveCfg = Debug|Any CPU
		{418C5379-FE8C-49B8-AE04-9376AE022A5F}.Debug|Any CPU.Build.0 = Debug|Any CPU
		{418C5379-FE8C-49B8-AE04-9376AE022A5F}.Release|Any CPU.ActiveCfg = Release|Any CPU
		{418C5379-FE8C-49B8-AE04-9376AE022A5F}.Release|Any CPU.Build.0 = Release|Any CPU
		{25B4FF1F-210C-4447-956C-5666276F533B}.Debug|Any CPU.ActiveCfg = Debug|Any CPU
		{25B4FF1F-210C-4447-956C-5666276F533B}.Debug|Any CPU.Build.0 = Debug|Any CPU
		{25B4FF1F-210C-4447-956C-5666276F533B}.Release|Any CPU.ActiveCfg = Release|Any CPU
		{25B4FF1F-210C-4447-956C-5666276F533B}.Release|Any CPU.Build.0 = Release|Any CPU
		{2DEF7EC4-48A6-45D5-B4E3-6AA31A1E289D}.Debug|Any CPU.ActiveCfg = Debug|Any CPU
		{2DEF7EC4-48A6-45D5-B4E3-6AA31A1E289D}.Debug|Any CPU.Build.0 = Debug|Any CPU
		{2DEF7EC4-48A6-45D5-B4E3-6AA31A1E289D}.Release|Any CPU.ActiveCfg = Release|Any CPU
		{2DEF7EC4-48A6-45D5-B4E3-6AA31A1E289D}.Release|Any CPU.Build.0 = Release|Any CPU
	EndGlobalSection
	GlobalSection(SolutionProperties) = preSolution
		HideSolutionNode = FALSE
	EndGlobalSection
EndGlobal
